version = 1
revision = 3
requires-python = ">=3.12"

[[package]]
name = "altgraph"
version = "0.17.5"
source = { registry = "https://mirrors.tuna.tsinghua.edu.cn/pypi/web/simple/" }
sdist = { url = "https://mirrors.tuna.tsinghua.edu.cn/pypi/web/packages/7e/f8/97fdf103f38fed6792a1601dbc16cc8aac56e7459a9fff08c812d8ae177a/altgraph-0.17.5.tar.gz", hash = "sha256:c87b395dd12fabde9c99573a9749d67da8d29ef9de0125c7f536699b4a9bc9e7", size = 48428, upload-time = "2025-11-21T20:35:50.583Z" }
wheels = [
    { url = "https://mirrors.tuna.tsinghua.edu.cn/pypi/web/packages/a9/ba/000a1996d4308bc65120167c21241a3b205464a2e0b58deda26ae8ac21d1/altgraph-0.17.5-py2.py3-none-any.whl", hash = "sha256:f3a22400bce1b0c701683820ac4f3b159cd301acab067c51c653e06961600597", size = 21228, upload-time = "2025-11-21T20:35:49.444Z" },
]

[[package]]
name = "click"
version = "8.3.1"
source = { registry = "https://mirrors.tuna.tsinghua.edu.cn/pypi/web/simple/" }
dependencies = [
    { name = "colorama", marker = "sys_platform == 'win32'" },
]
sdist = { url = "https://mirrors.tuna.tsinghua.edu.cn/pypi/web/packages/3d/fa/656b739db8587d7b5dfa22e22ed02566950fbfbcdc20311993483657a5c0/click-8.3.1.tar.gz", hash = "sha256:12ff4785d337a1bb490bb7e9c2b1ee5da3112e94a8622f26a6c77f5d2fc6842a", size = 295065, upload-time = "2025-11-15T20:45:42.706Z" }
wheels = [
    { url = "https://mirrors.tuna.tsinghua.edu.cn/pypi/web/packages/98/78/01c019cdb5d6498122777c1a43056ebb3ebfeef2076d9d026bfe15583b2b/click-8.3.1-py3-none-any.whl", hash = "sha256:981153a64e25f12d547d3426c367a4857371575ee7ad18df2a6183ab0545b2a6", size = 108274, upload-time = "2025-11-15T20:45:41.139Z" },
]

[[package]]
name = "colorama"
version = "0.4.6"
source = { registry = "https://mirrors.tuna.tsinghua.edu.cn/pypi/web/simple/" }
sdist = { url = "https://mirrors.tuna.tsinghua.edu.cn/pypi/web/packages/d8/53/6f443c9a4a8358a93a6792e2acffb9d9d5cb0a5cfd8802644b7b1c9a02e4/colorama-0.4.6.tar.gz", hash = "sha256:08695f5cb7ed6e0531a20572697297273c47b8cae5a63ffc6d6ed5c201be6e44", size = 27697, upload-time = "2022-10-25T02:36:22.414Z" }
wheels = [
    { url = "https://mirrors.tuna.tsinghua.edu.cn/pypi/web/packages/d1/d6/3965ed04c63042e047cb6a3e6ed1a63a35087b6a609aa3a15ed8ac56c221/colorama-0.4.6-py2.py3-none-any.whl", hash = "sha256:4f1d9991f5acc0ca119f9d443620b77f9d6b33703e51011c16baf57afb285fc6", size = 25335, upload-time = "2022-10-25T02:36:20.889Z" },
]

[[package]]
name = "macholib"
version = "1.16.4"
source = { registry = "https://mirrors.tuna.tsinghua.edu.cn/pypi/web/simple/" }
dependencies = [
    { name = "altgraph" },
]
sdist = { url = "https://mirrors.tuna.tsinghua.edu.cn/pypi/web/packages/10/2f/97589876ea967487978071c9042518d28b958d87b17dceb7cdc1d881f963/macholib-1.16.4.tar.gz", hash = "sha256:f408c93ab2e995cd2c46e34fe328b130404be143469e41bc366c807448979362", size = 59427, upload-time = "2025-11-22T08:28:38.373Z" }
wheels = [
    { url = "https://mirrors.tuna.tsinghua.edu.cn/pypi/web/packages/c7/d1/a9f36f8ecdf0fb7c9b1e78c8d7af12b8c8754e74851ac7b94a8305540fc7/macholib-1.16.4-py2.py3-none-any.whl", hash = "sha256:da1a3fa8266e30f0ce7e97c6a54eefaae8edd1e5f86f3eb8b95457cae90265ea", size = 38117, upload-time = "2025-11-22T08:28:36.939Z" },
]

[[package]]
name = "packaging"
version = "25.0"
source = { registry = "https://mirrors.tuna.tsinghua.edu.cn/pypi/web/simple/" }
sdist = { url = "https://mirrors.tuna.tsinghua.edu.cn/pypi/web/packages/a1/d4/1fc4078c65507b51b96ca8f8c3ba19e6a61c8253c72794544580a7b6c24d/packaging-25.0.tar.gz", hash = "sha256:d443872c98d677bf60f6a1f2f8c1cb748e8fe762d2bf9d3148b5599295b0fc4f", size = 165727, upload-time = "2025-04-19T11:48:59.673Z" }
wheels = [
    { url = "https://mirrors.tuna.tsinghua.edu.cn/pypi/web/packages/20/12/38679034af332785aac8774540895e234f4d07f7545804097de4b666afd8/packaging-25.0-py3-none-any.whl", hash = "sha256:29572ef2b1f17581046b3a2227d5c611fb25ec70ca1ba8554b24b0e69331a484", size = 66469, upload-time = "2025-04-19T11:48:57.875Z" },
]

[[package]]
name = "pefile"
version = "2024.8.26"
source = { registry = "https://mirrors.tuna.tsinghua.edu.cn/pypi/web/simple/" }
sdist = { url = "https://mirrors.tuna.tsinghua.edu.cn/pypi/web/packages/03/4f/2750f7f6f025a1507cd3b7218691671eecfd0bbebebe8b39aa0fe1d360b8/pefile-2024.8.26.tar.gz", hash = "sha256:3ff6c5d8b43e8c37bb6e6dd5085658d658a7a0bdcd20b6a07b1fcfc1c4e9d632", size = 76008, upload-time = "2024-08-26T20:58:38.155Z" }
wheels = [
    { url = "https://mirrors.tuna.tsinghua.edu.cn/pypi/web/packages/54/16/12b82f791c7f50ddec566873d5bdd245baa1491bac11d15ffb98aecc8f8b/pefile-2024.8.26-py3-none-any.whl", hash = "sha256:76f8b485dcd3b1bb8166f1128d395fa3d87af26360c2358fb75b80019b957c6f", size = 74766, upload-time = "2024-08-26T21:01:02.632Z" },
]

[[package]]
name = "pyinstaller"
version = "6.17.0"
source = { registry = "https://mirrors.tuna.tsinghua.edu.cn/pypi/web/simple/" }
dependencies = [
    { name = "altgraph" },
    { name = "macholib", marker = "sys_platform == 'darwin'" },
    { name = "packaging" },
    { name = "pefile", marker = "sys_platform == 'win32'" },
    { name = "pyinstaller-hooks-contrib" },
    { name = "pywin32-ctypes", marker = "sys_platform == 'win32'" },
    { name = "setuptools" },
]
sdist = { url = "https://mirrors.tuna.tsinghua.edu.cn/pypi/web/packages/01/80/9e0dad9c69a7cfd4b5aaede8c6225d762bab7247a2a6b7651e1995522001/pyinstaller-6.17.0.tar.gz", hash = "sha256:be372bd911392b88277e510940ac32a5c2a6ce4b8d00a311c78fa443f4f27313", size = 4014147, upload-time = "2025-11-24T19:43:32.109Z" }
wheels = [
    { url = "https://mirrors.tuna.tsinghua.edu.cn/pypi/web/packages/35/f5/37e419d84d5284ecab11ef8b61306a3b978fe6f0fd69a9541e16bfd72e65/pyinstaller-6.17.0-py3-none-macosx_10_13_universal2.whl", hash = "sha256:4e446b8030c6e5a2f712e3f82011ecf6c7ead86008357b0d23a0ec4bcde31dac", size = 1031880, upload-time = "2025-11-24T19:42:30.862Z" },
    { url = "https://mirrors.tuna.tsinghua.edu.cn/pypi/web/packages/9e/b6/2e184879ab9cf90a1d2867fdd34d507c4d246b3cc52ca05aad00bfc70ee7/pyinstaller-6.17.0-py3-none-manylinux2014_aarch64.whl", hash = "sha256:aa9fd87aaa28239c6f0d0210114029bd03f8cac316a90bab071a5092d7c85ad7", size = 731968, upload-time = "2025-11-24T19:42:35.421Z" },
    { url = "https://mirrors.tuna.tsinghua.edu.cn/pypi/web/packages/40/76/f529de98f7e5cce7904c19b224990003fc2267eda2ee5fdd8452acb420a9/pyinstaller-6.17.0-py3-none-manylinux2014_i686.whl", hash = "sha256:060b122e43e7c0b23e759a4153be34bd70914135ab955bb18a67181e0dca85a2", size = 743217, upload-time = "2025-11-24T19:42:39.286Z" },
    { url = "https://mirrors.tuna.tsinghua.edu.cn/pypi/web/packages/a3/10/c02bfbb050cafc4c353cf69baf95407e211e1372bd286ab5ce5cbc13a30a/pyinstaller-6.17.0-py3-none-manylinux2014_ppc64le.whl", hash = "sha256:cd213d1a545c97dfe4a3c40e8213ff7c5127fc115c49229f27a3fa541503444b", size = 741119, upload-time = "2025-11-24T19:42:43.12Z" },
    { url = "https://mirrors.tuna.tsinghua.edu.cn/pypi/web/packages/11/9d/69fdacfd9335695f5900a376cfe3e4aed28f0720ffc15fee81fdb9d920bc/pyinstaller-6.17.0-py3-none-manylinux2014_s390x.whl", hash = "sha256:89c0d18ba8b62c6607abd8cf2299ae5ffa5c36d8c47f39608ce8c3f357f6099f", size = 738111, upload-time = "2025-11-24T19:42:46.97Z" },
    { url = "https://mirrors.tuna.tsinghua.edu.cn/pypi/web/packages/5e/1e/e8e36e1568f6865ac706c6e1f875c1a346ddaa9f9a8f923d66545d2240ed/pyinstaller-6.17.0-py3-none-manylinux2014_x86_64.whl", hash = "sha256:2a147b83cdebb07855bd5a663600891550062373a2ca375c58eacead33741a27", size = 737795, upload-time = "2025-11-24T19:42:50.675Z" },
    { url = "https://mirrors.tuna.tsinghua.edu.cn/pypi/web/packages/8d/15/9dc0f81ccb746c27bfa6ee53164422fe47ee079c7a717d9c4791aba78797/pyinstaller-6.17.0-py3-none-musllinux_1_1_aarch64.whl", hash = "sha256:f8cfbbfa6708e54fb936df6dd6eafaf133e84efb0d2fe25b91cfeefa793c4ca4", size = 736891, upload-time = "2025-11-24T19:42:54.458Z" },
    { url = "https://mirrors.tuna.tsinghua.edu.cn/pypi/web/packages/97/e6/bed54821c1ebe1275c559661d3e7bfa23c406673b515252dfbf89db56c65/pyinstaller-6.17.0-py3-none-musllinux_1_1_x86_64.whl", hash = "sha256:97f4c1942f7b4cd73f9e38b49cc8f5f8a6fbb44922cb60dd3073a189b77ee1ae", size = 736752, upload-time = "2025-11-24T19:42:58.144Z" },
    { url = "https://mirrors.tuna.tsinghua.edu.cn/pypi/web/packages/c7/84/897d759198676b910d69d42640b6d25d50b449f2209e18127a974cf59dbe/pyinstaller-6.17.0-py3-none-win32.whl", hash = "sha256:ce0be227a037fd4be672226db709088565484f597d6b230bceec19850fdd4c85", size = 1317851, upload-time = "2025-11-24T19:43:04.361Z" },
    { url = "https://mirrors.tuna.tsinghua.edu.cn/pypi/web/packages/2d/f5/6a122efe024433ecc34aab6f499e0bd2bbe059c639b77b0045aa2421b0bf/pyinstaller-6.17.0-py3-none-win_amd64.whl", hash = "sha256:b019940dbf7a01489d6b26f9fb97db74b504e0a757010f7ad078675befc85a82", size = 1378685, upload-time = "2025-11-24T19:43:10.395Z" },
    { url = "https://mirrors.tuna.tsinghua.edu.cn/pypi/web/packages/c4/96/14991773c9e599707a53594429ccf372f9ee638df3b7d26b65fd1a7433f0/pyinstaller-6.17.0-py3-none-win_arm64.whl", hash = "sha256:3c92a335e338170df7e615f75279cfeea97ade89e6dd7694943c8c185460f7b7", size = 1320032, upload-time = "2025-11-24T19:43:16.388Z" },
]

[[package]]
name = "pyinstaller-hooks-contrib"
version = "2025.10"
source = { registry = "https://mirrors.tuna.tsinghua.edu.cn/pypi/web/simple/" }
dependencies = [
    { name = "packaging" },
    { name = "setuptools" },
]
sdist = { url = "https://mirrors.tuna.tsinghua.edu.cn/pypi/web/packages/26/4f/e33132acdb8f732978e577b8a0130a412cbfe7a3414605e3fd380a975522/pyinstaller_hooks_contrib-2025.10.tar.gz", hash = "sha256:a1a737e5c0dccf1cf6f19a25e2efd109b9fec9ddd625f97f553dac16ee884881", size = 168155, upload-time = "2025-11-22T09:34:36.138Z" }
wheels = [
    { url = "https://mirrors.tuna.tsinghua.edu.cn/pypi/web/packages/86/de/a7688eed49a1d3df337cdaa4c0d64e231309a52f269850a72051975e3c4a/pyinstaller_hooks_contrib-2025.10-py3-none-any.whl", hash = "sha256:aa7a378518772846221f63a84d6306d9827299323243db890851474dfd1231a9", size = 447760, upload-time = "2025-11-22T09:34:34.753Z" },
]

[[package]]
name = "pyside6"
version = "6.10.1"
source = { registry = "https://mirrors.tuna.tsinghua.edu.cn/pypi/web/simple/" }
dependencies = [
    { name = "pyside6-addons" },
    { name = "pyside6-essentials" },
    { name = "shiboken6" },
]
wheels = [
    { url = "https://mirrors.tuna.tsinghua.edu.cn/pypi/web/packages/56/22/f82cfcd1158be502c5741fe67c3fa853f3c1edbd3ac2c2250769dd9722d1/pyside6-6.10.1-cp39-abi3-macosx_13_0_universal2.whl", hash = "sha256:d0e70dd0e126d01986f357c2a555722f9462cf8a942bf2ce180baf69f468e516", size = 558169, upload-time = "2025-11-20T10:09:08.79Z" },
    { url = "https://mirrors.tuna.tsinghua.edu.cn/pypi/web/packages/66/eb/54afe242a25d1c33b04ecd8321a549d9efb7b89eef7690eed92e98ba1dc9/pyside6-6.10.1-cp39-abi3-manylinux_2_34_x86_64.whl", hash = "sha256:4053bf51ba2c2cb20e1005edd469997976a02cec009f7c46356a0b65c137f1fa", size = 557818, upload-time = "2025-11-20T10:09:10.132Z" },
    { url = "https://mirrors.tuna.tsinghua.edu.cn/pypi/web/packages/4d/af/5706b1b33587dc2f3dfa3a5000424befba35e4f2d5889284eebbde37138b/pyside6-6.10.1-cp39-abi3-manylinux_2_39_aarch64.whl", hash = "sha256:7d3ca20a40139ca5324a7864f1d91cdf2ff237e11bd16354a42670f2a4eeb13c", size = 558358, upload-time = "2025-11-20T10:09:11.288Z" },
    { url = "https://mirrors.tuna.tsinghua.edu.cn/pypi/web/packages/26/41/3f48d724ecc8e42cea8a8442aa9b5a86d394b85093275990038fd1020039/pyside6-6.10.1-cp39-abi3-win_amd64.whl", hash = "sha256:9f89ff994f774420eaa38cec6422fddd5356611d8481774820befd6f3bb84c9e", size = 564424, upload-time = "2025-11-20T10:09:12.677Z" },
    { url = "https://mirrors.tuna.tsinghua.edu.cn/pypi/web/packages/af/30/395411473b433875a82f6b5fdd0cb28f19a0e345bcaac9fbc039400d7072/pyside6-6.10.1-cp39-abi3-win_arm64.whl", hash = "sha256:9c5c1d94387d1a32a6fae25348097918ef413b87dfa3767c46f737c6d48ae437", size = 548866, upload-time = "2025-11-20T10:09:14.174Z" },
]

[[package]]
name = "pyside6-addons"
version = "6.10.1"
source = { registry = "https://mirrors.tuna.tsinghua.edu.cn/pypi/web/simple/" }
dependencies = [
    { name = "pyside6-essentials" },
    { name = "shiboken6" },
]
wheels = [
    { url = "https://mirrors.tuna.tsinghua.edu.cn/pypi/web/packages/2d/f9/b72a2578d7dbef7741bb90b5756b4ef9c99a5b40148ea53ce7f048573fe9/pyside6_addons-6.10.1-cp39-abi3-macosx_13_0_universal2.whl", hash = "sha256:4d2b82bbf9b861134845803837011e5f9ac7d33661b216805273cf0c6d0f8e82", size = 322639446, upload-time = "2025-11-20T09:54:50.75Z" },
    { url = "https://mirrors.tuna.tsinghua.edu.cn/pypi/web/packages/94/3b/3ed951c570a15570706a89d39bfd4eaaffdf16d5c2dca17e82fc3ec8aaa6/pyside6_addons-6.10.1-cp39-abi3-manylinux_2_34_x86_64.whl", hash = "sha256:330c229b58d30083a7b99ed22e118eb4f4126408429816a4044ccd0438ae81b4", size = 170678293, upload-time = "2025-11-20T09:56:40.991Z" },
    { url = "https://mirrors.tuna.tsinghua.edu.cn/pypi/web/packages/22/77/4c780b204d0bf3323a75c184e349d063e208db44c993f1214aa4745d6f47/pyside6_addons-6.10.1-cp39-abi3-manylinux_2_39_aarch64.whl", hash = "sha256:56864b5fecd6924187a2d0f7e98d968ed72b6cc267caa5b294cd7e88fff4e54c", size = 166365011, upload-time = "2025-11-20T09:57:20.261Z" },
    { url = "https://mirrors.tuna.tsinghua.edu.cn/pypi/web/packages/04/14/58239776499e6b279fa6ca2e0d47209531454b99f6bd2ad7c96f11109416/pyside6_addons-6.10.1-cp39-abi3-win_amd64.whl", hash = "sha256:b6e249d15407dd33d6a2ffabd9dc6d7a8ab8c95d05f16a71dad4d07781c76341", size = 164864664, upload-time = "2025-11-20T09:57:54.815Z" },
    { url = "https://mirrors.tuna.tsinghua.edu.cn/pypi/web/packages/e2/cd/1b74108671ba4b1ebb2661330665c4898b089e9c87f7ba69fe2438f3d1b6/pyside6_addons-6.10.1-cp39-abi3-win_arm64.whl", hash = "sha256:0de303c0447326cdc6c8be5ab066ef581e2d0baf22560c9362d41b8304fdf2db", size = 34191225, upload-time = "2025-11-20T09:58:04.184Z" },
]

[[package]]
name = "pyside6-essentials"
version = "6.10.1"
source = { registry = "https://mirrors.tuna.tsinghua.edu.cn/pypi/web/simple/" }
dependencies = [
    { name = "shiboken6" },
]
wheels = [
    { url = "https://mirrors.tuna.tsinghua.edu.cn/pypi/web/packages/04/b0/c43209fecef79912e9b1c70a1b5172b1edf76caebcc885c58c60a09613b0/pyside6_essentials-6.10.1-cp39-abi3-macosx_13_0_universal2.whl", hash = "sha256:cd224aff3bb26ff1fca32c050e1c4d0bd9f951a96219d40d5f3d0128485b0bbe", size = 105461499, upload-time = "2025-11-20T09:59:23.733Z" },
    { url = "https://mirrors.tuna.tsinghua.edu.cn/pypi/web/packages/5f/8e/b69ba7fa0c701f3f4136b50460441697ec49ee6ea35c229eb2a5ee4b5952/pyside6_essentials-6.10.1-cp39-abi3-manylinux_2_34_x86_64.whl", hash = "sha256:e9ccbfb58c03911a0bce1f2198605b02d4b5ca6276bfc0cbcf7c6f6393ffb856", size = 76764617, upload-time = "2025-11-20T09:59:38.831Z" },
    { url = "https://mirrors.tuna.tsinghua.edu.cn/pypi/web/packages/bd/83/569d27f4b6c6b9377150fe1a3745d64d02614021bea233636bc936a23423/pyside6_essentials-6.10.1-cp39-abi3-manylinux_2_39_aarch64.whl", hash = "sha256:ec8617c9b143b0c19ba1cc5a7e98c538e4143795480cb152aee47802c18dc5d2", size = 75850373, upload-time = "2025-11-20T09:59:56.082Z" },
    { url = "https://mirrors.tuna.tsinghua.edu.cn/pypi/web/packages/1e/64/a8df6333de8ccbf3a320e1346ca30d0f314840aff5e3db9b4b66bf38e26c/pyside6_essentials-6.10.1-cp39-abi3-win_amd64.whl", hash = "sha256:9555a48e8f0acf63fc6a23c250808db841b28a66ed6ad89ee0e4df7628752674", size = 74491180, upload-time = "2025-11-20T10:00:11.215Z" },
    { url = "https://mirrors.tuna.tsinghua.edu.cn/pypi/web/packages/67/da/65cc6c6a870d4ea908c59b2f0f9e2cf3bfc6c0710ebf278ed72f69865e4e/pyside6_essentials-6.10.1-cp39-abi3-win_arm64.whl", hash = "sha256:4d1d248644f1778f8ddae5da714ca0f5a150a5e6f602af2765a7d21b876da05c", size = 55190458, upload-time = "2025-11-20T10:00:26.226Z" },
]

[[package]]
name = "pywin32-ctypes"
version = "0.2.3"
source = { registry = "https://mirrors.tuna.tsinghua.edu.cn/pypi/web/simple/" }
sdist = { url = "https://mirrors.tuna.tsinghua.edu.cn/pypi/web/packages/85/9f/01a1a99704853cb63f253eea009390c88e7131c67e66a0a02099a8c917cb/pywin32-ctypes-0.2.3.tar.gz", hash = "sha256:d162dc04946d704503b2edc4d55f3dba5c1d539ead017afa00142c38b9885755", size = 29471, upload-time = "2024-08-14T10:15:34.626Z" }
wheels = [
    { url = "https://mirrors.tuna.tsinghua.edu.cn/pypi/web/packages/de/3d/8161f7711c017e01ac9f008dfddd9410dff3674334c233bde66e7ba65bbf/pywin32_ctypes-0.2.3-py3-none-any.whl", hash = "sha256:8a1513379d709975552d202d942d9837758905c8d01eb82b8bcc30918929e7b8", size = 30756, upload-time = "2024-08-14T10:15:33.187Z" },
]

[[package]]
name = "qtawesome"
version = "1.4.0"
source = { registry = "https://mirrors.tuna.tsinghua.edu.cn/pypi/web/simple/" }
dependencies = [
    { name = "qtpy" },
]
sdist = { url = "https://mirrors.tuna.tsinghua.edu.cn/pypi/web/packages/56/57/2f6c402b4cd91a58fd378a5f36be6b5855cf43dc25f77f581e2612e6d558/qtawesome-1.4.0.tar.gz", hash = "sha256:783e414d1317f3e978bf67ea8e8a1b1498bad9dbd305dec814027e3b50521be6", size = 2614365, upload-time = "2025-02-27T22:01:01.864Z" }
wheels = [
    { url = "https://mirrors.tuna.tsinghua.edu.cn/pypi/web/packages/a5/ee/6e6c6715129c929af2d95ddb2e9decf54c1beffe58f336911197aacc0448/qtawesome-1.4.0-py3-none-any.whl", hash = "sha256:a4d689fa071c595aa6184171ce1f0f847677cb8d2db45382c43129f1d72a3d93", size = 2595296, upload-time = "2025-02-27T22:00:59.921Z" },
]

[[package]]
name = "qtpy"
version = "2.4.3"
source = { registry = "https://mirrors.tuna.tsinghua.edu.cn/pypi/web/simple/" }
dependencies = [
    { name = "packaging" },
]
sdist = { url = "https://mirrors.tuna.tsinghua.edu.cn/pypi/web/packages/70/01/392eba83c8e47b946b929d7c46e0f04b35e9671f8bb6fc36b6f7945b4de8/qtpy-2.4.3.tar.gz", hash = "sha256:db744f7832e6d3da90568ba6ccbca3ee2b3b4a890c3d6fbbc63142f6e4cdf5bb", size = 66982, upload-time = "2025-02-11T15:09:25.759Z" }
wheels = [
    { url = "https://mirrors.tuna.tsinghua.edu.cn/pypi/web/packages/69/76/37c0ccd5ab968a6a438f9c623aeecc84c202ab2fabc6a8fd927580c15b5a/QtPy-2.4.3-py3-none-any.whl", hash = "sha256:72095afe13673e017946cc258b8d5da43314197b741ed2890e563cf384b51aa1", size = 95045, upload-time = "2025-02-11T15:09:24.162Z" },
]

[[package]]
name = "ruff"
version = "0.14.10"
source = { registry = "https://mirrors.tuna.tsinghua.edu.cn/pypi/web/simple/" }
sdist = { url = "https://mirrors.tuna.tsinghua.edu.cn/pypi/web/packages/57/08/52232a877978dd8f9cf2aeddce3e611b40a63287dfca29b6b8da791f5e8d/ruff-0.14.10.tar.gz", hash = "sha256:9a2e830f075d1a42cd28420d7809ace390832a490ed0966fe373ba288e77aaf4", size = 5859763, upload-time = "2025-12-18T19:28:57.98Z" }
wheels = [
    { url = "https://mirrors.tuna.tsinghua.edu.cn/pypi/web/packages/60/01/933704d69f3f05ee16ef11406b78881733c186fe14b6a46b05cfcaf6d3b2/ruff-0.14.10-py3-none-linux_armv6l.whl", hash = "sha256:7a3ce585f2ade3e1f29ec1b92df13e3da262178df8c8bdf876f48fa0e8316c49", size = 13527080, upload-time = "2025-12-18T19:29:25.642Z" },
    { url = "https://mirrors.tuna.tsinghua.edu.cn/pypi/web/packages/df/58/a0349197a7dfa603ffb7f5b0470391efa79ddc327c1e29c4851e85b09cc5/ruff-0.14.10-py3-none-macosx_10_12_x86_64.whl", hash = "sha256:674f9be9372907f7257c51f1d4fc902cb7cf014b9980152b802794317941f08f", size = 13797320, upload-time = "2025-12-18T19:29:02.571Z" },
    { url = "https://mirrors.tuna.tsinghua.edu.cn/pypi/web/packages/7b/82/36be59f00a6082e38c23536df4e71cdbc6af8d7c707eade97fcad5c98235/ruff-0.14.10-py3-none-macosx_11_0_arm64.whl", hash = "sha256:d85713d522348837ef9df8efca33ccb8bd6fcfc86a2cde3ccb4bc9d28a18003d", size = 12918434, upload-time = "2025-12-18T19:28:51.202Z" },
    { url = "https://mirrors.tuna.tsinghua.edu.cn/pypi/web/packages/a6/00/45c62a7f7e34da92a25804f813ebe05c88aa9e0c25e5cb5a7d23dd7450e3/ruff-0.14.10-py3-none-manylinux_2_17_aarch64.manylinux2014_aarch64.whl", hash = "sha256:6987ebe0501ae4f4308d7d24e2d0fe3d7a98430f5adfd0f1fead050a740a3a77", size = 13371961, upload-time = "2025-12-18T19:29:04.991Z" },
    { url = "https://mirrors.tuna.tsinghua.edu.cn/pypi/web/packages/40/31/a5906d60f0405f7e57045a70f2d57084a93ca7425f22e1d66904769d1628/ruff-0.14.10-py3-none-manylinux_2_17_armv7l.manylinux2014_armv7l.whl", hash = "sha256:16a01dfb7b9e4eee556fbfd5392806b1b8550c9b4a9f6acd3dbe6812b193c70a", size = 13275629, upload-time = "2025-12-18T19:29:21.381Z" },
    { url = "https://mirrors.tuna.tsinghua.edu.cn/pypi/web/packages/3e/60/61c0087df21894cf9d928dc04bcd4fb10e8b2e8dca7b1a276ba2155b2002/ruff-0.14.10-py3-none-manylinux_2_17_i686.manylinux2014_i686.whl", hash = "sha256:7165d31a925b7a294465fa81be8c12a0e9b60fb02bf177e79067c867e71f8b1f", size = 14029234, upload-time = "2025-12-18T19:29:00.132Z" },
    { url = "https://mirrors.tuna.tsinghua.edu.cn/pypi/web/packages/44/84/77d911bee3b92348b6e5dab5a0c898d87084ea03ac5dc708f46d88407def/ruff-0.14.10-py3-none-manylinux_2_17_ppc64.manylinux2014_ppc64.whl", hash = "sha256:c561695675b972effb0c0a45db233f2c816ff3da8dcfbe7dfc7eed625f218935", size = 15449890, upload-time = "2025-12-18T19:28:53.573Z" },
    { url = "https://mirrors.tuna.tsinghua.edu.cn/pypi/web/packages/e9/36/480206eaefa24a7ec321582dda580443a8f0671fdbf6b1c80e9c3e93a16a/ruff-0.14.10-py3-none-manylinux_2_17_ppc64le.manylinux2014_ppc64le.whl", hash = "sha256:4bb98fcbbc61725968893682fd4df8966a34611239c9fd07a1f6a07e7103d08e", size = 15123172, upload-time = "2025-12-18T19:29:23.453Z" },
    { url = "https://mirrors.tuna.tsinghua.edu.cn/pypi/web/packages/5c/38/68e414156015ba80cef5473d57919d27dfb62ec804b96180bafdeaf0e090/ruff-0.14.10-py3-none-manylinux_2_17_s390x.manylinux2014_s390x.whl", hash = "sha256:f24b47993a9d8cb858429e97bdf8544c78029f09b520af615c1d261bf827001d", size = 14460260, upload-time = "2025-12-18T19:29:27.808Z" },
    { url = "https://mirrors.tuna.tsinghua.edu.cn/pypi/web/packages/b3/19/9e050c0dca8aba824d67cc0db69fb459c28d8cd3f6855b1405b3f29cc91d/ruff-0.14.10-py3-none-manylinux_2_17_x86_64.manylinux2014_x86_64.whl", hash = "sha256:59aabd2e2c4fd614d2862e7939c34a532c04f1084476d6833dddef4afab87e9f", size = 14229978, upload-time = "2025-12-18T19:29:11.32Z" },
    { url = "https://mirrors.tuna.tsinghua.edu.cn/pypi/web/packages/51/eb/e8dd1dd6e05b9e695aa9dd420f4577debdd0f87a5ff2fedda33c09e9be8c/ruff-0.14.10-py3-none-manylinux_2_31_riscv64.whl", hash = "sha256:213db2b2e44be8625002dbea33bb9c60c66ea2c07c084a00d55732689d697a7f", size = 14338036, upload-time = "2025-12-18T19:29:09.184Z" },
    { url = "https://mirrors.tuna.tsinghua.edu.cn/pypi/web/packages/6a/12/f3e3a505db7c19303b70af370d137795fcfec136d670d5de5391e295c134/ruff-0.14.10-py3-none-musllinux_1_2_aarch64.whl", hash = "sha256:b914c40ab64865a17a9a5b67911d14df72346a634527240039eb3bd650e5979d", size = 13264051, upload-time = "2025-12-18T19:29:13.431Z" },
    { url = "https://mirrors.tuna.tsinghua.edu.cn/pypi/web/packages/08/64/8c3a47eaccfef8ac20e0484e68e0772013eb85802f8a9f7603ca751eb166/ruff-0.14.10-py3-none-musllinux_1_2_armv7l.whl", hash = "sha256:1484983559f026788e3a5c07c81ef7d1e97c1c78ed03041a18f75df104c45405", size = 13283998, upload-time = "2025-12-18T19:29:06.994Z" },
    { url = "https://mirrors.tuna.tsinghua.edu.cn/pypi/web/packages/12/84/534a5506f4074e5cc0529e5cd96cfc01bb480e460c7edf5af70d2bcae55e/ruff-0.14.10-py3-none-musllinux_1_2_i686.whl", hash = "sha256:c70427132db492d25f982fffc8d6c7535cc2fd2c83fc8888f05caaa248521e60", size = 13601891, upload-time = "2025-12-18T19:28:55.811Z" },
    { url = "https://mirrors.tuna.tsinghua.edu.cn/pypi/web/packages/0d/1e/14c916087d8598917dbad9b2921d340f7884824ad6e9c55de948a93b106d/ruff-0.14.10-py3-none-musllinux_1_2_x86_64.whl", hash = "sha256:5bcf45b681e9f1ee6445d317ce1fa9d6cba9a6049542d1c3d5b5958986be8830", size = 14336660, upload-time = "2025-12-18T19:29:16.531Z" },
    { url = "https://mirrors.tuna.tsinghua.edu.cn/pypi/web/packages/f2/1c/d7b67ab43f30013b47c12b42d1acd354c195351a3f7a1d67f59e54227ede/ruff-0.14.10-py3-none-win32.whl", hash = "sha256:104c49fc7ab73f3f3a758039adea978869a918f31b73280db175b43a2d9b51d6", size = 13196187, upload-time = "2025-12-18T19:29:19.006Z" },
    { url = "https://mirrors.tuna.tsinghua.edu.cn/pypi/web/packages/fb/9c/896c862e13886fae2af961bef3e6312db9ebc6adc2b156fe95e615dee8c1/ruff-0.14.10-py3-none-win_amd64.whl", hash = "sha256:466297bd73638c6bdf06485683e812db1c00c7ac96d4ddd0294a338c62fdc154", size = 14661283, upload-time = "2025-12-18T19:29:30.16Z" },
    { url = "https://mirrors.tuna.tsinghua.edu.cn/pypi/web/packages/74/31/b0e29d572670dca3674eeee78e418f20bdf97fa8aa9ea71380885e175ca0/ruff-0.14.10-py3-none-win_arm64.whl", hash = "sha256:e51d046cf6dda98a4633b8a8a771451107413b0f07183b2bef03f075599e44e6", size = 13729839, upload-time = "2025-12-18T19:28:48.636Z" },
]

[[package]]
name = "setuptools"
version = "80.9.0"
source = { registry = "https://mirrors.tuna.tsinghua.edu.cn/pypi/web/simple/" }
sdist = { url = "https://mirrors.tuna.tsinghua.edu.cn/pypi/web/packages/18/5d/3bf57dcd21979b887f014ea83c24ae194cfcd12b9e0fda66b957c69d1fca/setuptools-80.9.0.tar.gz", hash = "sha256:f36b47402ecde768dbfafc46e8e4207b4360c654f1f3bb84475f0a28628fb19c", size = 1319958, upload-time = "2025-05-27T00:56:51.443Z" }
wheels = [
    { url = "https://mirrors.tuna.tsinghua.edu.cn/pypi/web/packages/a3/dc/17031897dae0efacfea57dfd3a82fdd2a2aeb58e0ff71b77b87e44edc772/setuptools-80.9.0-py3-none-any.whl", hash = "sha256:062d34222ad13e0cc312a4c02d73f059e86a4acbfbdea8f8f76b28c99f306922", size = 1201486, upload-time = "2025-05-27T00:56:49.664Z" },
]

[[package]]
name = "shiboken6"
version = "6.10.1"
source = { registry = "https://mirrors.tuna.tsinghua.edu.cn/pypi/web/simple/" }
wheels = [
    { url = "https://mirrors.tuna.tsinghua.edu.cn/pypi/web/packages/6f/8b/e5db743d505ceea3efc4cd9634a3bee22a3e2bf6e07cefd28c9b9edabcc6/shiboken6-6.10.1-cp39-abi3-macosx_13_0_universal2.whl", hash = "sha256:9f2990f5b61b0b68ecadcd896ab4441f2cb097eef7797ecc40584107d9850d71", size = 478483, upload-time = "2025-11-20T10:08:52.411Z" },
    { url = "https://mirrors.tuna.tsinghua.edu.cn/pypi/web/packages/56/ba/b50c1a44b3c4643f482afbf1a0ea58f393827307100389ce29404f9ad3b0/shiboken6-6.10.1-cp39-abi3-manylinux_2_34_x86_64.whl", hash = "sha256:f4221a52dfb81f24a0d20cc4f8981cb6edd810d5a9fb28287ce10d342573a0e4", size = 271993, upload-time = "2025-11-20T10:08:54.093Z" },
    { url = "https://mirrors.tuna.tsinghua.edu.cn/pypi/web/packages/16/b8/939c24ebd662b0aa5c945443d0973145b3fb7079f0196274ef7bb4b98f73/shiboken6-6.10.1-cp39-abi3-manylinux_2_39_aarch64.whl", hash = "sha256:c095b00f4d6bf578c0b2464bb4e264b351a99345374478570f69e2e679a2a1d0", size = 268691, upload-time = "2025-11-20T10:08:55.639Z" },
    { url = "https://mirrors.tuna.tsinghua.edu.cn/pypi/web/packages/cf/a6/8c65ee0fa5e172ebcca03246b1bc3bd96cdaf1d60537316648536b7072a5/shiboken6-6.10.1-cp39-abi3-win_amd64.whl", hash = "sha256:c1601d3cda1fa32779b141663873741b54e797cb0328458d7466281f117b0a4e", size = 1234704, upload-time = "2025-11-20T10:08:57.417Z" },
    { url = "https://mirrors.tuna.tsinghua.edu.cn/pypi/web/packages/7b/6a/c0fea2f2ac7d9d96618c98156500683a4d1f93fea0e8c5a2bc39913d7ef1/shiboken6-6.10.1-cp39-abi3-win_arm64.whl", hash = "sha256:5cf800917008587b551005a45add2d485cca66f5f7ecd5b320e9954e40448cc9", size = 1795567, upload-time = "2025-11-20T10:08:59.184Z" },
]

[[package]]
name = "ty"
version = "0.0.8"
source = { registry = "https://mirrors.tuna.tsinghua.edu.cn/pypi/web/simple/" }
sdist = { url = "https://mirrors.tuna.tsinghua.edu.cn/pypi/web/packages/72/9d/59e955cc39206a0d58df5374808785c45ec2a8a2a230eb1638fbb4fe5c5d/ty-0.0.8.tar.gz", hash = "sha256:352ac93d6e0050763be57ad1e02087f454a842887e618ec14ac2103feac48676", size = 4828477, upload-time = "2025-12-29T13:50:07.193Z" }
wheels = [
    { url = "https://mirrors.tuna.tsinghua.edu.cn/pypi/web/packages/69/2b/dd61f7e50a69c72f72c625d026e9ab64a0db62b2dd32e7426b520e2429c6/ty-0.0.8-py3-none-linux_armv6l.whl", hash = "sha256:a289d033c5576fa3b4a582b37d63395edf971cdbf70d2d2e6b8c95638d1a4fcd", size = 9853417, upload-time = "2025-12-29T13:50:08.979Z" },
    { url = "https://mirrors.tuna.tsinghua.edu.cn/pypi/web/packages/90/72/3f1d3c64a049a388e199de4493689a51fc6aa5ff9884c03dea52b4966657/ty-0.0.8-py3-none-macosx_10_12_x86_64.whl", hash = "sha256:788ea97dc8153a94e476c4d57b2551a9458f79c187c4aba48fcb81f05372924a", size = 9657890, upload-time = "2025-12-29T13:50:27.867Z" },
    { url = "https://mirrors.tuna.tsinghua.edu.cn/pypi/web/packages/71/d1/08ac676bd536de3c2baba0deb60e67b3196683a2fabebfd35659d794b5e9/ty-0.0.8-py3-none-macosx_11_0_arm64.whl", hash = "sha256:1b5f1f3d3e230f35a29e520be7c3d90194a5229f755b721e9092879c00842d31", size = 9180129, upload-time = "2025-12-29T13:50:22.842Z" },
    { url = "https://mirrors.tuna.tsinghua.edu.cn/pypi/web/packages/af/93/610000e2cfeea1875900f73a375ba917624b0a008d4b8a6c18c894c8dbbc/ty-0.0.8-py3-none-manylinux_2_17_aarch64.manylinux2014_aarch64.whl", hash = "sha256:6da9ed377fbbcec0a3b60b2ca5fd30496e15068f47cef2344ba87923e78ba996", size = 9683517, upload-time = "2025-12-29T13:50:18.658Z" },
    { url = "https://mirrors.tuna.tsinghua.edu.cn/pypi/web/packages/05/04/bef50ba7d8580b0140be597de5cc0ba9a63abe50d3f65560235f23658762/ty-0.0.8-py3-none-manylinux_2_17_armv7l.manylinux2014_armv7l.whl", hash = "sha256:7d0a2bdce5e701d19eb8d46d9da0fe31340f079cecb7c438f5ac6897c73fc5ba", size = 9676279, upload-time = "2025-12-29T13:50:25.207Z" },
    { url = "https://mirrors.tuna.tsinghua.edu.cn/pypi/web/packages/aa/b9/2aff1ef1f41b25898bc963173ae67fc8f04ca666ac9439a9c4e78d5cc0ff/ty-0.0.8-py3-none-manylinux_2_17_i686.manylinux2014_i686.whl", hash = "sha256:ef9078799d26d3cc65366e02392e2b78f64f72911b599e80a8497d2ec3117ddb", size = 10073015, upload-time = "2025-12-29T13:50:35.422Z" },
    { url = "https://mirrors.tuna.tsinghua.edu.cn/pypi/web/packages/df/0e/9feb6794b6ff0a157c3e6a8eb6365cbfa3adb9c0f7976e2abdc48615dd72/ty-0.0.8-py3-none-manylinux_2_17_ppc64.manylinux2014_ppc64.whl", hash = "sha256:54814ac39b4ab67cf111fc0a236818155cf49828976152378347a7678d30ee89", size = 10961649, upload-time = "2025-12-29T13:49:58.717Z" },
    { url = "https://mirrors.tuna.tsinghua.edu.cn/pypi/web/packages/f4/3b/faf7328b14f00408f4f65c9d01efe52e11b9bcc4a79e06187b370457b004/ty-0.0.8-py3-none-manylinux_2_17_ppc64le.manylinux2014_ppc64le.whl", hash = "sha256:c4baf0a80398e8b6c68fa36ff85045a50ede1906cd4edb41fb4fab46d471f1d4", size = 10676190, upload-time = "2025-12-29T13:50:01.11Z" },
    { url = "https://mirrors.tuna.tsinghua.edu.cn/pypi/web/packages/64/a5/cfeca780de7eeab7852c911c06a84615a174d23e9ae08aae42a645771094/ty-0.0.8-py3-none-manylinux_2_17_s390x.manylinux2014_s390x.whl", hash = "sha256:ac8e23c3faefc579686799ef1649af8d158653169ad5c3a7df56b152781eeb67", size = 10438641, upload-time = "2025-12-29T13:50:29.664Z" },
    { url = "https://mirrors.tuna.tsinghua.edu.cn/pypi/web/packages/0e/8d/8667c7e0ac9f13c461ded487c8d7350f440cd39ba866d0160a8e1b1efd6c/ty-0.0.8-py3-none-manylinux_2_17_x86_64.manylinux2014_x86_64.whl", hash = "sha256:b558a647a073d0c25540aaa10f8947de826cb8757d034dd61ecf50ab8dbd77bf", size = 10214082, upload-time = "2025-12-29T13:50:31.531Z" },
    { url = "https://mirrors.tuna.tsinghua.edu.cn/pypi/web/packages/f8/11/e563229870e2c1d089e7e715c6c3b7605a34436dddf6f58e9205823020c2/ty-0.0.8-py3-none-musllinux_1_2_aarch64.whl", hash = "sha256:8c0104327bf480508bd81f320e22074477df159d9eff85207df39e9c62ad5e96", size = 9664364, upload-time = "2025-12-29T13:50:05.443Z" },
    { url = "https://mirrors.tuna.tsinghua.edu.cn/pypi/web/packages/b1/ad/05b79b778bf5237bcd7ee08763b226130aa8da872cbb151c8cfa2e886203/ty-0.0.8-py3-none-musllinux_1_2_armv7l.whl", hash = "sha256:496f1cb87261dd1a036a5609da80ee13de2e6ee4718a661bfa2afb91352fe528", size = 9679440, upload-time = "2025-12-29T13:50:11.289Z" },
    { url = "https://mirrors.tuna.tsinghua.edu.cn/pypi/web/packages/12/b5/23ba887769c4a7b8abfd1b6395947dc3dcc87533fbf86379d3a57f87ae8f/ty-0.0.8-py3-none-musllinux_1_2_i686.whl", hash = "sha256:2c488031f92a075ae39d13ac6295fdce2141164ec38c5d47aa8dc24ee3afa37e", size = 9808201, upload-time = "2025-12-29T13:50:21.003Z" },
    { url = "https://mirrors.tuna.tsinghua.edu.cn/pypi/web/packages/f8/90/5a82ac0a0707db55376922aed80cd5fca6b2e6d6e9bcd8c286e6b43b4084/ty-0.0.8-py3-none-musllinux_1_2_x86_64.whl", hash = "sha256:90d6f08c5982fa3e802b8918a32e326153519077b827f91c66eea4913a86756a", size = 10313262, upload-time = "2025-12-29T13:50:03.306Z" },
    { url = "https://mirrors.tuna.tsinghua.edu.cn/pypi/web/packages/14/f7/ff97f37f0a75db9495ddbc47738ec4339837867c4bfa145bdcfbd0d1eb2f/ty-0.0.8-py3-none-win32.whl", hash = "sha256:d7f460ad6fc9325e9cc8ea898949bbd88141b4609d1088d7ede02ce2ef06e776", size = 9254675, upload-time = "2025-12-29T13:50:33.35Z" },
    { url = "https://mirrors.tuna.tsinghua.edu.cn/pypi/web/packages/af/51/eba5d83015e04630002209e3590c310a0ff1d26e1815af204a322617a42e/ty-0.0.8-py3-none-win_amd64.whl", hash = "sha256:1641fb8dedc3d2da43279d21c3c7c1f80d84eae5c264a1e8daa544458e433c19", size = 10131382, upload-time = "2025-12-29T13:50:13.719Z" },
    { url = "https://mirrors.tuna.tsinghua.edu.cn/pypi/web/packages/38/1c/0d8454ff0f0f258737ecfe84f6e508729191d29663b404832f98fa5626b7/ty-0.0.8-py3-none-win_arm64.whl", hash = "sha256:ec74f022f315bede478ecae1277a01ab618e6500c1d68450d7883f5cd6ed554a", size = 9636374, upload-time = "2025-12-29T13:50:16.344Z" },
]

[[package]]
name = "yt-dlp"
version = "2025.12.8"
source = { registry = "https://mirrors.tuna.tsinghua.edu.cn/pypi/web/simple/" }
sdist = { url = "https://mirrors.tuna.tsinghua.edu.cn/pypi/web/packages/14/77/db924ebbd99d0b2b571c184cb08ed232cf4906c6f9b76eed763cd2c84170/yt_dlp-2025.12.8.tar.gz", hash = "sha256:b773c81bb6b71cb2c111cfb859f453c7a71cf2ef44eff234ff155877184c3e4f", size = 3088947, upload-time = "2025-12-08T00:16:01.649Z" }
wheels = [
    { url = "https://mirrors.tuna.tsinghua.edu.cn/pypi/web/packages/6e/2f/98c3596ad923f8efd32c90dca62e241e8ad9efcebf20831173c357042ba0/yt_dlp-2025.12.8-py3-none-any.whl", hash = "sha256:36e2584342e409cfbfa0b5e61448a1c5189e345cf4564294456ee509e7d3e065", size = 3291464, upload-time = "2025-12-08T00:15:58.556Z" },
]

[[package]]
name = "yt-dlp-qt-gui"
version = "0.2.0"
source = { editable = "." }
dependencies = [
    { name = "click" },
    { name = "pyside6" },
    { name = "qtawesome" },
    { name = "yt-dlp" },
]

[package.optional-dependencies]
packaging = [
    { name = "pyinstaller" },
]

[package.dev-dependencies]
dev = [
    { name = "ruff" },
    { name = "ty" },
]

[package.metadata]
requires-dist = [
    { name = "click", specifier = ">=8.1.0" },
    { name = "pyinstaller", marker = "extra == 'packaging'", specifier = ">=6.0.0" },
    { name = "pyside6", specifier = ">=6.10.1" },
    { name = "qtawesome", specifier = ">=1.4.0" },
    { name = "yt-dlp", specifier = ">=2025.12.8" },
]
provides-extras = ["packaging"]

[package.metadata.requires-dev]
dev = [
    { name = "ruff", specifier = ">=0.14.10" },
    { name = "ty", specifier = ">=0.0.8" },
]
